
Microsoft Visual Studio Solution File, Format Version 12.00
# Visual Studio 2013
VisualStudioVersion = 12.0.31101.0
MinimumVisualStudioVersion = 10.0.40219.1
Project("{FAE04EC0-301F-11D3-BF4B-00C04F79EFBC}") = "NearbyPlaces", "NearbyPlaces.csproj", "{CF2AF4FC-C268-4966-A908-5F22007D03EA}"
EndProject
Global
	GlobalSection(TeamFoundationVersionControl) = preSolution
		SccNumberOfProjects = 1
		SccEnterpriseProvider = {4CA58AB2-18FA-4F8D-95D4-32DDF27D184C}
		SccTeamFoundationServer = https://bhawanaraj21.visualstudio.com/defaultcollection
		SccProjectUniqueName0 = NearbyPlaces.csproj
		SccProjectName0 = .
		SccAuxPath0 = https://bhawanaraj21.visualstudio.com/defaultcollection
		SccLocalPath0 = .
		SccProvider0 = {4CA58AB2-18FA-4F8D-95D4-32DDF27D184C}
	EndGlobalSection
	GlobalSection(SolutionConfigurationPlatforms) = preSolution
		Debug|Any CPU = Debug|Any CPU
		Debug|ARM = Debug|ARM
		Debug|x86 = Debug|x86
		Release|Any CPU = Release|Any CPU
		Release|ARM = Release|ARM
		Release|x86 = Release|x86
	EndGlobalSection
	GlobalSection(ProjectConfigurationPlatforms) = postSolution
		{CF2AF4FC-C268-4966-A908-5F22007D03EA}.Debug|Any CPU.ActiveCfg = Debug|Any CPU
		{CF2AF4FC-C268-4966-A908-5F22007D03EA}.Debug|Any CPU.Build.0 = Debug|Any CPU
		{CF2AF4FC-C268-4966-A908-5F22007D03EA}.Debug|Any CPU.Deploy.0 = Debug|Any CPU
		{CF2AF4FC-C268-4966-A908-5F22007D03EA}.Debug|ARM.ActiveCfg = Debug|ARM
		{CF2AF4FC-C268-4966-A908-5F22007D03EA}.Debug|ARM.Build.0 = Debug|ARM
		{CF2AF4FC-C268-4966-A908-5F22007D03EA}.Debug|ARM.Deploy.0 = Debug|ARM
		{CF2AF4FC-C268-4966-A908-5F22007D03EA}.Debug|x86.ActiveCfg = Debug|x86
		{CF2AF4FC-C268-4966-A908-5F22007D03EA}.Debug|x86.Build.0 = Debug|x86
		{CF2AF4FC-C268-4966-A908-5F22007D03EA}.Debug|x86.Deploy.0 = Debug|x86
		{CF2AF4FC-C268-4966-A908-5F22007D03EA}.Release|Any CPU.ActiveCfg = Release|Any CPU
		{CF2AF4FC-C268-4966-A908-5F22007D03EA}.Release|Any CPU.Build.0 = Release|Any CPU
		{CF2AF4FC-C268-4966-A908-5F22007D03EA}.Release|Any CPU.Deploy.0 = Release|Any CPU
		{CF2AF4FC-C268-4966-A908-5F22007D03EA}.Release|ARM.ActiveCfg = Release|ARM
		{CF2AF4FC-C268-4966-A908-5F22007D03EA}.Release|ARM.Build.0 = Release|ARM
		{CF2AF4FC-C268-4966-A908-5F22007D03EA}.Release|ARM.Deploy.0 = Release|ARM
		{CF2AF4FC-C268-4966-A908-5F22007D03EA}.Release|x86.ActiveCfg = Release|x86
		{CF2AF4FC-C268-4966-A908-5F22007D03EA}.Release|x86.Build.0 = Release|x86
		{CF2AF4FC-C268-4966-A908-5F22007D03EA}.Release|x86.Deploy.0 = Release|x86
	EndGlobalSection
	GlobalSection(SolutionProperties) = preSolution
		HideSolutionNode = FALSE
	EndGlobalSection
EndGlobal
